
Microsoft Visual Studio Solution File, Format Version 12.00
# Visual Studio 15
VisualStudioVersion = 15.0.28010.2016
MinimumVisualStudioVersion = 10.0.40219.1
Project("{FAE04EC0-301F-11D3-BF4B-00C04F79EFBC}") = "bcole_helloworld.Android", "bcole_helloworld\bcole_helloworld.Android\bcole_helloworld.Android.csproj", "{BD210508-ED8D-4537-876A-AB03DD9AF590}"
EndProject
Project("{FAE04EC0-301F-11D3-BF4B-00C04F79EFBC}") = "bcole_helloworld.iOS", "bcole_helloworld\bcole_helloworld.iOS\bcole_helloworld.iOS.csproj", "{899892AA-C81E-4967-BA7F-646BE917D90A}"
EndProject
Project("{9A19103F-16F7-4668-BE54-9A1E7A4F7556}") = "bcole_helloworld", "bcole_helloworld\bcole_helloworld\bcole_helloworld.csproj", "{9A0FE4E2-E98A-4E71-98E8-CBDF04D3F329}"
EndProject
Global
	GlobalSection(SolutionConfigurationPlatforms) = preSolution
		Ad-Hoc|Any CPU = Ad-Hoc|Any CPU
		Ad-Hoc|iPhone = Ad-Hoc|iPhone
		Ad-Hoc|iPhoneSimulator = Ad-Hoc|iPhoneSimulator
		AppStore|Any CPU = AppStore|Any CPU
		AppStore|iPhone = AppStore|iPhone
		AppStore|iPhoneSimulator = AppStore|iPhoneSimulator
		Debug|Any CPU = Debug|Any CPU
		Debug|iPhone = Debug|iPhone
		Debug|iPhoneSimulator = Debug|iPhoneSimulator
		Release|Any CPU = Release|Any CPU
		Release|iPhone = Release|iPhone
		Release|iPhoneSimulator = Release|iPhoneSimulator
	EndGlobalSection
	GlobalSection(ProjectConfigurationPlatforms) = postSolution
		{BD210508-ED8D-4537-876A-AB03DD9AF590}.Ad-Hoc|Any CPU.ActiveCfg = Release|Any CPU
		{BD210508-ED8D-4537-876A-AB03DD9AF590}.Ad-Hoc|Any CPU.Build.0 = Release|Any CPU
		{BD210508-ED8D-4537-876A-AB03DD9AF590}.Ad-Hoc|Any CPU.Deploy.0 = Release|Any CPU
		{BD210508-ED8D-4537-876A-AB03DD9AF590}.Ad-Hoc|iPhone.ActiveCfg = Release|Any CPU
		{BD210508-ED8D-4537-876A-AB03DD9AF590}.Ad-Hoc|iPhone.Build.0 = Release|Any CPU
		{BD210508-ED8D-4537-876A-AB03DD9AF590}.Ad-Hoc|iPhone.Deploy.0 = Release|Any CPU
		{BD210508-ED8D-4537-876A-AB03DD9AF590}.Ad-Hoc|iPhoneSimulator.ActiveCfg = Release|Any CPU
		{BD210508-ED8D-4537-876A-AB03DD9AF590}.Ad-Hoc|iPhoneSimulator.Build.0 = Release|Any CPU
		{BD210508-ED8D-4537-876A-AB03DD9AF590}.Ad-Hoc|iPhoneSimulator.Deploy.0 = Release|Any CPU
		{BD210508-ED8D-4537-876A-AB03DD9AF590}.AppStore|Any CPU.ActiveCfg = Release|Any CPU
		{BD210508-ED8D-4537-876A-AB03DD9AF590}.AppStore|Any CPU.Build.0 = Release|Any CPU
		{BD210508-ED8D-4537-876A-AB03DD9AF590}.AppStore|Any CPU.Deploy.0 = Release|Any CPU
		{BD210508-ED8D-4537-876A-AB03DD9AF590}.AppStore|iPhone.ActiveCfg = Release|Any CPU
		{BD210508-ED8D-4537-876A-AB03DD9AF590}.AppStore|iPhone.Build.0 = Release|Any CPU
		{BD210508-ED8D-4537-876A-AB03DD9AF590}.AppStore|iPhone.Deploy.0 = Release|Any CPU
		{BD210508-ED8D-4537-876A-AB03DD9AF590}.AppStore|iPhoneSimulator.ActiveCfg = Release|Any CPU
		{BD210508-ED8D-4537-876A-AB03DD9AF590}.AppStore|iPhoneSimulator.Build.0 = Release|Any CPU
		{BD210508-ED8D-4537-876A-AB03DD9AF590}.AppStore|iPhoneSimulator.Deploy.0 = Release|Any CPU
		{BD210508-ED8D-4537-876A-AB03DD9AF590}.Debug|Any CPU.ActiveCfg = Release|Any CPU
		{BD210508-ED8D-4537-876A-AB03DD9AF590}.Debug|Any CPU.Build.0 = Release|Any CPU
		{BD210508-ED8D-4537-876A-AB03DD9AF590}.Debug|Any CPU.Deploy.0 = Release|Any CPU
		{BD210508-ED8D-4537-876A-AB03DD9AF590}.Debug|iPhone.ActiveCfg = Debug|Any CPU
		{BD210508-ED8D-4537-876A-AB03DD9AF590}.Debug|iPhone.Build.0 = Debug|Any CPU
		{BD210508-ED8D-4537-876A-AB03DD9AF590}.Debug|iPhone.Deploy.0 = Debug|Any CPU
		{BD210508-ED8D-4537-876A-AB03DD9AF590}.Debug|iPhoneSimulator.ActiveCfg = Debug|Any CPU
		{BD210508-ED8D-4537-876A-AB03DD9AF590}.Debug|iPhoneSimulator.Build.0 = Debug|Any CPU
		{BD210508-ED8D-4537-876A-AB03DD9AF590}.Debug|iPhoneSimulator.Deploy.0 = Debug|Any CPU
		{BD210508-ED8D-4537-876A-AB03DD9AF590}.Release|Any CPU.ActiveCfg = Release|Any CPU
		{BD210508-ED8D-4537-876A-AB03DD9AF590}.Release|Any CPU.Build.0 = Release|Any CPU
		{BD210508-ED8D-4537-876A-AB03DD9AF590}.Release|Any CPU.Deploy.0 = Release|Any CPU
		{BD210508-ED8D-4537-876A-AB03DD9AF590}.Release|iPhone.ActiveCfg = Release|Any CPU
		{BD210508-ED8D-4537-876A-AB03DD9AF590}.Release|iPhone.Build.0 = Release|Any CPU
		{BD210508-ED8D-4537-876A-AB03DD9AF590}.Release|iPhone.Deploy.0 = Release|Any CPU
		{BD210508-ED8D-4537-876A-AB03DD9AF590}.Release|iPhoneSimulator.ActiveCfg = Release|Any CPU
		{BD210508-ED8D-4537-876A-AB03DD9AF590}.Release|iPhoneSimulator.Build.0 = Release|Any CPU
		{BD210508-ED8D-4537-876A-AB03DD9AF590}.Release|iPhoneSimulator.Deploy.0 = Release|Any CPU
		{899892AA-C81E-4967-BA7F-646BE917D90A}.Ad-Hoc|Any CPU.ActiveCfg = Ad-Hoc|iPhone
		{899892AA-C81E-4967-BA7F-646BE917D90A}.Ad-Hoc|Any CPU.Build.0 = Ad-Hoc|iPhone
		{899892AA-C81E-4967-BA7F-646BE917D90A}.Ad-Hoc|Any CPU.Deploy.0 = Ad-Hoc|iPhone
		{899892AA-C81E-4967-BA7F-646BE917D90A}.Ad-Hoc|iPhone.ActiveCfg = Ad-Hoc|iPhone
		{899892AA-C81E-4967-BA7F-646BE917D90A}.Ad-Hoc|iPhone.Build.0 = Ad-Hoc|iPhone
		{899892AA-C81E-4967-BA7F-646BE917D90A}.Ad-Hoc|iPhone.Deploy.0 = Ad-Hoc|iPhone
		{899892AA-C81E-4967-BA7F-646BE917D90A}.Ad-Hoc|iPhoneSimulator.ActiveCfg = Ad-Hoc|iPhoneSimulator
		{899892AA-C81E-4967-BA7F-646BE917D90A}.Ad-Hoc|iPhoneSimulator.Build.0 = Ad-Hoc|iPhoneSimulator
		{899892AA-C81E-4967-BA7F-646BE917D90A}.Ad-Hoc|iPhoneSimulator.Deploy.0 = Ad-Hoc|iPhoneSimulator
		{899892AA-C81E-4967-BA7F-646BE917D90A}.AppStore|Any CPU.ActiveCfg = Ad-Hoc|iPhone
		{899892AA-C81E-4967-BA7F-646BE917D90A}.AppStore|Any CPU.Build.0 = Ad-Hoc|iPhone
		{899892AA-C81E-4967-BA7F-646BE917D90A}.AppStore|Any CPU.Deploy.0 = Ad-Hoc|iPhone
		{899892AA-C81E-4967-BA7F-646BE917D90A}.AppStore|iPhone.ActiveCfg = AppStore|iPhone
		{899892AA-C81E-4967-BA7F-646BE917D90A}.AppStore|iPhone.Build.0 = AppStore|iPhone
		{899892AA-C81E-4967-BA7F-646BE917D90A}.AppStore|iPhone.Deploy.0 = AppStore|iPhone
		{899892AA-C81E-4967-BA7F-646BE917D90A}.AppStore|iPhoneSimulator.ActiveCfg = AppStore|iPhoneSimulator
		{899892AA-C81E-4967-BA7F-646BE917D90A}.AppStore|iPhoneSimulator.Build.0 = AppStore|iPhoneSimulator
		{899892AA-C81E-4967-BA7F-646BE917D90A}.AppStore|iPhoneSimulator.Deploy.0 = AppStore|iPhoneSimulator
		{899892AA-C81E-4967-BA7F-646BE917D90A}.Debug|Any CPU.ActiveCfg = Ad-Hoc|iPhone
		{899892AA-C81E-4967-BA7F-646BE917D90A}.Debug|Any CPU.Build.0 = Ad-Hoc|iPhone
		{899892AA-C81E-4967-BA7F-646BE917D90A}.Debug|Any CPU.Deploy.0 = Ad-Hoc|iPhone
		{899892AA-C81E-4967-BA7F-646BE917D90A}.Debug|iPhone.ActiveCfg = Debug|iPhone
		{899892AA-C81E-4967-BA7F-646BE917D90A}.Debug|iPhone.Build.0 = Debug|iPhone
		{899892AA-C81E-4967-BA7F-646BE917D90A}.Debug|iPhone.Deploy.0 = Debug|iPhone
		{899892AA-C81E-4967-BA7F-646BE917D90A}.Debug|iPhoneSimulator.ActiveCfg = Debug|iPhoneSimulator
		{899892AA-C81E-4967-BA7F-646BE917D90A}.Debug|iPhoneSimulator.Build.0 = Debug|iPhoneSimulator
		{899892AA-C81E-4967-BA7F-646BE917D90A}.Debug|iPhoneSimulator.Deploy.0 = Debug|iPhoneSimulator
		{899892AA-C81E-4967-BA7F-646BE917D90A}.Release|Any CPU.ActiveCfg = Ad-Hoc|iPhone
		{899892AA-C81E-4967-BA7F-646BE917D90A}.Release|Any CPU.Build.0 = Ad-Hoc|iPhone
		{899892AA-C81E-4967-BA7F-646BE917D90A}.Release|Any CPU.Deploy.0 = Ad-Hoc|iPhone
		{899892AA-C81E-4967-BA7F-646BE917D90A}.Release|iPhone.ActiveCfg = Release|iPhone
		{899892AA-C81E-4967-BA7F-646BE917D90A}.Release|iPhone.Build.0 = Release|iPhone
		{899892AA-C81E-4967-BA7F-646BE917D90A}.Release|iPhone.Deploy.0 = Release|iPhone
		{899892AA-C81E-4967-BA7F-646BE917D90A}.Release|iPhoneSimulator.ActiveCfg = Release|iPhoneSimulator
		{899892AA-C81E-4967-BA7F-646BE917D90A}.Release|iPhoneSimulator.Build.0 = Release|iPhoneSimulator
		{899892AA-C81E-4967-BA7F-646BE917D90A}.Release|iPhoneSimulator.Deploy.0 = Release|iPhoneSimulator
		{9A0FE4E2-E98A-4E71-98E8-CBDF04D3F329}.Ad-Hoc|Any CPU.ActiveCfg = Debug|Any CPU
		{9A0FE4E2-E98A-4E71-98E8-CBDF04D3F329}.Ad-Hoc|Any CPU.Build.0 = Debug|Any CPU
		{9A0FE4E2-E98A-4E71-98E8-CBDF04D3F329}.Ad-Hoc|Any CPU.Deploy.0 = Debug|Any CPU
		{9A0FE4E2-E98A-4E71-98E8-CBDF04D3F329}.Ad-Hoc|iPhone.ActiveCfg = Debug|Any CPU
		{9A0FE4E2-E98A-4E71-98E8-CBDF04D3F329}.Ad-Hoc|iPhone.Build.0 = Debug|Any CPU
		{9A0FE4E2-E98A-4E71-98E8-CBDF04D3F329}.Ad-Hoc|iPhone.Deploy.0 = Debug|Any CPU
		{9A0FE4E2-E98A-4E71-98E8-CBDF04D3F329}.Ad-Hoc|iPhoneSimulator.ActiveCfg = Debug|Any CPU
		{9A0FE4E2-E98A-4E71-98E8-CBDF04D3F329}.Ad-Hoc|iPhoneSimulator.Build.0 = Debug|Any CPU
		{9A0FE4E2-E98A-4E71-98E8-CBDF04D3F329}.Ad-Hoc|iPhoneSimulator.Deploy.0 = Debug|Any CPU
		{9A0FE4E2-E98A-4E71-98E8-CBDF04D3F329}.AppStore|Any CPU.ActiveCfg = Debug|Any CPU
		{9A0FE4E2-E98A-4E71-98E8-CBDF04D3F329}.AppStore|Any CPU.Build.0 = Debug|Any CPU
		{9A0FE4E2-E98A-4E71-98E8-CBDF04D3F329}.AppStore|Any CPU.Deploy.0 = Debug|Any CPU
		{9A0FE4E2-E98A-4E71-98E8-CBDF04D3F329}.AppStore|iPhone.ActiveCfg = Debug|Any CPU
		{9A0FE4E2-E98A-4E71-98E8-CBDF04D3F329}.AppStore|iPhone.Build.0 = Debug|Any CPU
		{9A0FE4E2-E98A-4E71-98E8-CBDF04D3F329}.AppStore|iPhone.Deploy.0 = Debug|Any CPU
		{9A0FE4E2-E98A-4E71-98E8-CBDF04D3F329}.AppStore|iPhoneSimulator.ActiveCfg = Debug|Any CPU
		{9A0FE4E2-E98A-4E71-98E8-CBDF04D3F329}.AppStore|iPhoneSimulator.Build.0 = Debug|Any CPU
		{9A0FE4E2-E98A-4E71-98E8-CBDF04D3F329}.AppStore|iPhoneSimulator.Deploy.0 = Debug|Any CPU
		{9A0FE4E2-E98A-4E71-98E8-CBDF04D3F329}.Debug|Any CPU.ActiveCfg = Debug|Any CPU
		{9A0FE4E2-E98A-4E71-98E8-CBDF04D3F329}.Debug|Any CPU.Build.0 = Debug|Any CPU
		{9A0FE4E2-E98A-4E71-98E8-CBDF04D3F329}.Debug|Any CPU.Deploy.0 = Debug|Any CPU
		{9A0FE4E2-E98A-4E71-98E8-CBDF04D3F329}.Debug|iPhone.ActiveCfg = Debug|Any CPU
		{9A0FE4E2-E98A-4E71-98E8-CBDF04D3F329}.Debug|iPhone.Build.0 = Debug|Any CPU
		{9A0FE4E2-E98A-4E71-98E8-CBDF04D3F329}.Debug|iPhone.Deploy.0 = Debug|Any CPU
		{9A0FE4E2-E98A-4E71-98E8-CBDF04D3F329}.Debug|iPhoneSimulator.ActiveCfg = Debug|Any CPU
		{9A0FE4E2-E98A-4E71-98E8-CBDF04D3F329}.Debug|iPhoneSimulator.Build.0 = Debug|Any CPU
		{9A0FE4E2-E98A-4E71-98E8-CBDF04D3F329}.Debug|iPhoneSimulator.Deploy.0 = Debug|Any CPU
		{9A0FE4E2-E98A-4E71-98E8-CBDF04D3F329}.Release|Any CPU.ActiveCfg = Debug|Any CPU
		{9A0FE4E2-E98A-4E71-98E8-CBDF04D3F329}.Release|Any CPU.Build.0 = Debug|Any CPU
		{9A0FE4E2-E98A-4E71-98E8-CBDF04D3F329}.Release|Any CPU.Deploy.0 = Debug|Any CPU
		{9A0FE4E2-E98A-4E71-98E8-CBDF04D3F329}.Release|iPhone.ActiveCfg = Release|Any CPU
		{9A0FE4E2-E98A-4E71-98E8-CBDF04D3F329}.Release|iPhone.Build.0 = Release|Any CPU
		{9A0FE4E2-E98A-4E71-98E8-CBDF04D3F329}.Release|iPhone.Deploy.0 = Release|Any CPU
		{9A0FE4E2-E98A-4E71-98E8-CBDF04D3F329}.Release|iPhoneSimulator.ActiveCfg = Release|Any CPU
		{9A0FE4E2-E98A-4E71-98E8-CBDF04D3F329}.Release|iPhoneSimulator.Build.0 = Release|Any CPU
		{9A0FE4E2-E98A-4E71-98E8-CBDF04D3F329}.Release|iPhoneSimulator.Deploy.0 = Release|Any CPU
	EndGlobalSection
	GlobalSection(SolutionProperties) = preSolution
		HideSolutionNode = FALSE
	EndGlobalSection
	GlobalSection(ExtensibilityGlobals) = postSolution
		SolutionGuid = {408668AA-7FDC-47AB-8E74-AEBB0A20464F}
	EndGlobalSection
EndGlobal
