
Microsoft Visual Studio Solution File, Format Version 12.00
# Visual Studio 15
VisualStudioVersion = 15.0.28010.2026
MinimumVisualStudioVersion = 10.0.40219.1
Project("{FAE04EC0-301F-11D3-BF4B-00C04F79EFBC}") = "MonsterHunterListViews.Android", "MonsterHunterListViews\MonsterHunterListViews.Android\MonsterHunterListViews.Android.csproj", "{1A9C19CA-1C37-4E0F-8D78-43D1CFD8ACB1}"
EndProject
Project("{FAE04EC0-301F-11D3-BF4B-00C04F79EFBC}") = "MonsterHunterListViews.iOS", "MonsterHunterListViews\MonsterHunterListViews.iOS\MonsterHunterListViews.iOS.csproj", "{3F0513A0-4F20-4112-BAF3-5E070510191B}"
EndProject
Project("{9A19103F-16F7-4668-BE54-9A1E7A4F7556}") = "MonsterHunterListViews", "MonsterHunterListViews\MonsterHunterListViews\MonsterHunterListViews.csproj", "{50422E1F-3CBA-421E-9499-85007124EC3C}"
EndProject
Global
	GlobalSection(SolutionConfigurationPlatforms) = preSolution
		Ad-Hoc|Any CPU = Ad-Hoc|Any CPU
		Ad-Hoc|iPhone = Ad-Hoc|iPhone
		Ad-Hoc|iPhoneSimulator = Ad-Hoc|iPhoneSimulator
		AppStore|Any CPU = AppStore|Any CPU
		AppStore|iPhone = AppStore|iPhone
		AppStore|iPhoneSimulator = AppStore|iPhoneSimulator
		Debug|Any CPU = Debug|Any CPU
		Debug|iPhone = Debug|iPhone
		Debug|iPhoneSimulator = Debug|iPhoneSimulator
		Release|Any CPU = Release|Any CPU
		Release|iPhone = Release|iPhone
		Release|iPhoneSimulator = Release|iPhoneSimulator
	EndGlobalSection
	GlobalSection(ProjectConfigurationPlatforms) = postSolution
		{1A9C19CA-1C37-4E0F-8D78-43D1CFD8ACB1}.Ad-Hoc|Any CPU.ActiveCfg = Release|Any CPU
		{1A9C19CA-1C37-4E0F-8D78-43D1CFD8ACB1}.Ad-Hoc|Any CPU.Build.0 = Release|Any CPU
		{1A9C19CA-1C37-4E0F-8D78-43D1CFD8ACB1}.Ad-Hoc|Any CPU.Deploy.0 = Release|Any CPU
		{1A9C19CA-1C37-4E0F-8D78-43D1CFD8ACB1}.Ad-Hoc|iPhone.ActiveCfg = Release|Any CPU
		{1A9C19CA-1C37-4E0F-8D78-43D1CFD8ACB1}.Ad-Hoc|iPhone.Build.0 = Release|Any CPU
		{1A9C19CA-1C37-4E0F-8D78-43D1CFD8ACB1}.Ad-Hoc|iPhone.Deploy.0 = Release|Any CPU
		{1A9C19CA-1C37-4E0F-8D78-43D1CFD8ACB1}.Ad-Hoc|iPhoneSimulator.ActiveCfg = Release|Any CPU
		{1A9C19CA-1C37-4E0F-8D78-43D1CFD8ACB1}.Ad-Hoc|iPhoneSimulator.Build.0 = Release|Any CPU
		{1A9C19CA-1C37-4E0F-8D78-43D1CFD8ACB1}.Ad-Hoc|iPhoneSimulator.Deploy.0 = Release|Any CPU
		{1A9C19CA-1C37-4E0F-8D78-43D1CFD8ACB1}.AppStore|Any CPU.ActiveCfg = Release|Any CPU
		{1A9C19CA-1C37-4E0F-8D78-43D1CFD8ACB1}.AppStore|Any CPU.Build.0 = Release|Any CPU
		{1A9C19CA-1C37-4E0F-8D78-43D1CFD8ACB1}.AppStore|Any CPU.Deploy.0 = Release|Any CPU
		{1A9C19CA-1C37-4E0F-8D78-43D1CFD8ACB1}.AppStore|iPhone.ActiveCfg = Release|Any CPU
		{1A9C19CA-1C37-4E0F-8D78-43D1CFD8ACB1}.AppStore|iPhone.Build.0 = Release|Any CPU
		{1A9C19CA-1C37-4E0F-8D78-43D1CFD8ACB1}.AppStore|iPhone.Deploy.0 = Release|Any CPU
		{1A9C19CA-1C37-4E0F-8D78-43D1CFD8ACB1}.AppStore|iPhoneSimulator.ActiveCfg = Release|Any CPU
		{1A9C19CA-1C37-4E0F-8D78-43D1CFD8ACB1}.AppStore|iPhoneSimulator.Build.0 = Release|Any CPU
		{1A9C19CA-1C37-4E0F-8D78-43D1CFD8ACB1}.AppStore|iPhoneSimulator.Deploy.0 = Release|Any CPU
		{1A9C19CA-1C37-4E0F-8D78-43D1CFD8ACB1}.Debug|Any CPU.ActiveCfg = Debug|Any CPU
		{1A9C19CA-1C37-4E0F-8D78-43D1CFD8ACB1}.Debug|Any CPU.Build.0 = Debug|Any CPU
		{1A9C19CA-1C37-4E0F-8D78-43D1CFD8ACB1}.Debug|Any CPU.Deploy.0 = Debug|Any CPU
		{1A9C19CA-1C37-4E0F-8D78-43D1CFD8ACB1}.Debug|iPhone.ActiveCfg = Debug|Any CPU
		{1A9C19CA-1C37-4E0F-8D78-43D1CFD8ACB1}.Debug|iPhone.Build.0 = Debug|Any CPU
		{1A9C19CA-1C37-4E0F-8D78-43D1CFD8ACB1}.Debug|iPhone.Deploy.0 = Debug|Any CPU
		{1A9C19CA-1C37-4E0F-8D78-43D1CFD8ACB1}.Debug|iPhoneSimulator.ActiveCfg = Debug|Any CPU
		{1A9C19CA-1C37-4E0F-8D78-43D1CFD8ACB1}.Debug|iPhoneSimulator.Build.0 = Debug|Any CPU
		{1A9C19CA-1C37-4E0F-8D78-43D1CFD8ACB1}.Debug|iPhoneSimulator.Deploy.0 = Debug|Any CPU
		{1A9C19CA-1C37-4E0F-8D78-43D1CFD8ACB1}.Release|Any CPU.ActiveCfg = Release|Any CPU
		{1A9C19CA-1C37-4E0F-8D78-43D1CFD8ACB1}.Release|Any CPU.Build.0 = Release|Any CPU
		{1A9C19CA-1C37-4E0F-8D78-43D1CFD8ACB1}.Release|Any CPU.Deploy.0 = Release|Any CPU
		{1A9C19CA-1C37-4E0F-8D78-43D1CFD8ACB1}.Release|iPhone.ActiveCfg = Release|Any CPU
		{1A9C19CA-1C37-4E0F-8D78-43D1CFD8ACB1}.Release|iPhone.Build.0 = Release|Any CPU
		{1A9C19CA-1C37-4E0F-8D78-43D1CFD8ACB1}.Release|iPhone.Deploy.0 = Release|Any CPU
		{1A9C19CA-1C37-4E0F-8D78-43D1CFD8ACB1}.Release|iPhoneSimulator.ActiveCfg = Release|Any CPU
		{1A9C19CA-1C37-4E0F-8D78-43D1CFD8ACB1}.Release|iPhoneSimulator.Build.0 = Release|Any CPU
		{1A9C19CA-1C37-4E0F-8D78-43D1CFD8ACB1}.Release|iPhoneSimulator.Deploy.0 = Release|Any CPU
		{3F0513A0-4F20-4112-BAF3-5E070510191B}.Ad-Hoc|Any CPU.ActiveCfg = Ad-Hoc|iPhone
		{3F0513A0-4F20-4112-BAF3-5E070510191B}.Ad-Hoc|Any CPU.Build.0 = Ad-Hoc|iPhone
		{3F0513A0-4F20-4112-BAF3-5E070510191B}.Ad-Hoc|Any CPU.Deploy.0 = Ad-Hoc|iPhone
		{3F0513A0-4F20-4112-BAF3-5E070510191B}.Ad-Hoc|iPhone.ActiveCfg = Ad-Hoc|iPhone
		{3F0513A0-4F20-4112-BAF3-5E070510191B}.Ad-Hoc|iPhone.Build.0 = Ad-Hoc|iPhone
		{3F0513A0-4F20-4112-BAF3-5E070510191B}.Ad-Hoc|iPhone.Deploy.0 = Ad-Hoc|iPhone
		{3F0513A0-4F20-4112-BAF3-5E070510191B}.Ad-Hoc|iPhoneSimulator.ActiveCfg = Ad-Hoc|iPhoneSimulator
		{3F0513A0-4F20-4112-BAF3-5E070510191B}.Ad-Hoc|iPhoneSimulator.Build.0 = Ad-Hoc|iPhoneSimulator
		{3F0513A0-4F20-4112-BAF3-5E070510191B}.Ad-Hoc|iPhoneSimulator.Deploy.0 = Ad-Hoc|iPhoneSimulator
		{3F0513A0-4F20-4112-BAF3-5E070510191B}.AppStore|Any CPU.ActiveCfg = AppStore|iPhone
		{3F0513A0-4F20-4112-BAF3-5E070510191B}.AppStore|Any CPU.Build.0 = AppStore|iPhone
		{3F0513A0-4F20-4112-BAF3-5E070510191B}.AppStore|Any CPU.Deploy.0 = AppStore|iPhone
		{3F0513A0-4F20-4112-BAF3-5E070510191B}.AppStore|iPhone.ActiveCfg = AppStore|iPhone
		{3F0513A0-4F20-4112-BAF3-5E070510191B}.AppStore|iPhone.Build.0 = AppStore|iPhone
		{3F0513A0-4F20-4112-BAF3-5E070510191B}.AppStore|iPhone.Deploy.0 = AppStore|iPhone
		{3F0513A0-4F20-4112-BAF3-5E070510191B}.AppStore|iPhoneSimulator.ActiveCfg = AppStore|iPhoneSimulator
		{3F0513A0-4F20-4112-BAF3-5E070510191B}.AppStore|iPhoneSimulator.Build.0 = AppStore|iPhoneSimulator
		{3F0513A0-4F20-4112-BAF3-5E070510191B}.AppStore|iPhoneSimulator.Deploy.0 = AppStore|iPhoneSimulator
		{3F0513A0-4F20-4112-BAF3-5E070510191B}.Debug|Any CPU.ActiveCfg = Debug|iPhoneSimulator
		{3F0513A0-4F20-4112-BAF3-5E070510191B}.Debug|Any CPU.Deploy.0 = Debug|iPhoneSimulator
		{3F0513A0-4F20-4112-BAF3-5E070510191B}.Debug|iPhone.ActiveCfg = Debug|iPhone
		{3F0513A0-4F20-4112-BAF3-5E070510191B}.Debug|iPhone.Build.0 = Debug|iPhone
		{3F0513A0-4F20-4112-BAF3-5E070510191B}.Debug|iPhone.Deploy.0 = Debug|iPhone
		{3F0513A0-4F20-4112-BAF3-5E070510191B}.Debug|iPhoneSimulator.ActiveCfg = Debug|iPhoneSimulator
		{3F0513A0-4F20-4112-BAF3-5E070510191B}.Debug|iPhoneSimulator.Build.0 = Debug|iPhoneSimulator
		{3F0513A0-4F20-4112-BAF3-5E070510191B}.Debug|iPhoneSimulator.Deploy.0 = Debug|iPhoneSimulator
		{3F0513A0-4F20-4112-BAF3-5E070510191B}.Release|Any CPU.ActiveCfg = Release|iPhone
		{3F0513A0-4F20-4112-BAF3-5E070510191B}.Release|Any CPU.Build.0 = Release|iPhone
		{3F0513A0-4F20-4112-BAF3-5E070510191B}.Release|Any CPU.Deploy.0 = Release|iPhone
		{3F0513A0-4F20-4112-BAF3-5E070510191B}.Release|iPhone.ActiveCfg = Release|iPhone
		{3F0513A0-4F20-4112-BAF3-5E070510191B}.Release|iPhone.Build.0 = Release|iPhone
		{3F0513A0-4F20-4112-BAF3-5E070510191B}.Release|iPhone.Deploy.0 = Release|iPhone
		{3F0513A0-4F20-4112-BAF3-5E070510191B}.Release|iPhoneSimulator.ActiveCfg = Release|iPhoneSimulator
		{3F0513A0-4F20-4112-BAF3-5E070510191B}.Release|iPhoneSimulator.Build.0 = Release|iPhoneSimulator
		{3F0513A0-4F20-4112-BAF3-5E070510191B}.Release|iPhoneSimulator.Deploy.0 = Release|iPhoneSimulator
		{50422E1F-3CBA-421E-9499-85007124EC3C}.Ad-Hoc|Any CPU.ActiveCfg = Debug|Any CPU
		{50422E1F-3CBA-421E-9499-85007124EC3C}.Ad-Hoc|Any CPU.Build.0 = Debug|Any CPU
		{50422E1F-3CBA-421E-9499-85007124EC3C}.Ad-Hoc|Any CPU.Deploy.0 = Debug|Any CPU
		{50422E1F-3CBA-421E-9499-85007124EC3C}.Ad-Hoc|iPhone.ActiveCfg = Debug|Any CPU
		{50422E1F-3CBA-421E-9499-85007124EC3C}.Ad-Hoc|iPhone.Build.0 = Debug|Any CPU
		{50422E1F-3CBA-421E-9499-85007124EC3C}.Ad-Hoc|iPhone.Deploy.0 = Debug|Any CPU
		{50422E1F-3CBA-421E-9499-85007124EC3C}.Ad-Hoc|iPhoneSimulator.ActiveCfg = Debug|Any CPU
		{50422E1F-3CBA-421E-9499-85007124EC3C}.Ad-Hoc|iPhoneSimulator.Build.0 = Debug|Any CPU
		{50422E1F-3CBA-421E-9499-85007124EC3C}.Ad-Hoc|iPhoneSimulator.Deploy.0 = Debug|Any CPU
		{50422E1F-3CBA-421E-9499-85007124EC3C}.AppStore|Any CPU.ActiveCfg = Debug|Any CPU
		{50422E1F-3CBA-421E-9499-85007124EC3C}.AppStore|Any CPU.Build.0 = Debug|Any CPU
		{50422E1F-3CBA-421E-9499-85007124EC3C}.AppStore|Any CPU.Deploy.0 = Debug|Any CPU
		{50422E1F-3CBA-421E-9499-85007124EC3C}.AppStore|iPhone.ActiveCfg = Debug|Any CPU
		{50422E1F-3CBA-421E-9499-85007124EC3C}.AppStore|iPhone.Build.0 = Debug|Any CPU
		{50422E1F-3CBA-421E-9499-85007124EC3C}.AppStore|iPhone.Deploy.0 = Debug|Any CPU
		{50422E1F-3CBA-421E-9499-85007124EC3C}.AppStore|iPhoneSimulator.ActiveCfg = Debug|Any CPU
		{50422E1F-3CBA-421E-9499-85007124EC3C}.AppStore|iPhoneSimulator.Build.0 = Debug|Any CPU
		{50422E1F-3CBA-421E-9499-85007124EC3C}.AppStore|iPhoneSimulator.Deploy.0 = Debug|Any CPU
		{50422E1F-3CBA-421E-9499-85007124EC3C}.Debug|Any CPU.ActiveCfg = Debug|Any CPU
		{50422E1F-3CBA-421E-9499-85007124EC3C}.Debug|Any CPU.Build.0 = Debug|Any CPU
		{50422E1F-3CBA-421E-9499-85007124EC3C}.Debug|Any CPU.Deploy.0 = Debug|Any CPU
		{50422E1F-3CBA-421E-9499-85007124EC3C}.Debug|iPhone.ActiveCfg = Debug|Any CPU
		{50422E1F-3CBA-421E-9499-85007124EC3C}.Debug|iPhone.Build.0 = Debug|Any CPU
		{50422E1F-3CBA-421E-9499-85007124EC3C}.Debug|iPhone.Deploy.0 = Debug|Any CPU
		{50422E1F-3CBA-421E-9499-85007124EC3C}.Debug|iPhoneSimulator.ActiveCfg = Debug|Any CPU
		{50422E1F-3CBA-421E-9499-85007124EC3C}.Debug|iPhoneSimulator.Build.0 = Debug|Any CPU
		{50422E1F-3CBA-421E-9499-85007124EC3C}.Debug|iPhoneSimulator.Deploy.0 = Debug|Any CPU
		{50422E1F-3CBA-421E-9499-85007124EC3C}.Release|Any CPU.ActiveCfg = Release|Any CPU
		{50422E1F-3CBA-421E-9499-85007124EC3C}.Release|Any CPU.Build.0 = Release|Any CPU
		{50422E1F-3CBA-421E-9499-85007124EC3C}.Release|Any CPU.Deploy.0 = Release|Any CPU
		{50422E1F-3CBA-421E-9499-85007124EC3C}.Release|iPhone.ActiveCfg = Release|Any CPU
		{50422E1F-3CBA-421E-9499-85007124EC3C}.Release|iPhone.Build.0 = Release|Any CPU
		{50422E1F-3CBA-421E-9499-85007124EC3C}.Release|iPhone.Deploy.0 = Release|Any CPU
		{50422E1F-3CBA-421E-9499-85007124EC3C}.Release|iPhoneSimulator.ActiveCfg = Release|Any CPU
		{50422E1F-3CBA-421E-9499-85007124EC3C}.Release|iPhoneSimulator.Build.0 = Release|Any CPU
		{50422E1F-3CBA-421E-9499-85007124EC3C}.Release|iPhoneSimulator.Deploy.0 = Release|Any CPU
	EndGlobalSection
	GlobalSection(SolutionProperties) = preSolution
		HideSolutionNode = FALSE
	EndGlobalSection
	GlobalSection(ExtensibilityGlobals) = postSolution
		SolutionGuid = {7F46E2AC-D073-48C5-8ECE-1F7484368885}
	EndGlobalSection
EndGlobal
