
Microsoft Visual Studio Solution File, Format Version 12.00
# Visual Studio 15
VisualStudioVersion = 15.0.28010.2016
MinimumVisualStudioVersion = 10.0.40219.1
Project("{FAE04EC0-301F-11D3-BF4B-00C04F79EFBC}") = "BCole_Calculator.Android", "BCole_Calculator\BCole_Calculator.Android\BCole_Calculator.Android.csproj", "{54031A3C-1E87-46CB-BF02-5BEADBBA6056}"
EndProject
Project("{FAE04EC0-301F-11D3-BF4B-00C04F79EFBC}") = "BCole_Calculator.iOS", "BCole_Calculator\BCole_Calculator.iOS\BCole_Calculator.iOS.csproj", "{148D4C54-DF28-452D-AAF8-FD9D98A9C35A}"
EndProject
Project("{FAE04EC0-301F-11D3-BF4B-00C04F79EFBC}") = "BCole_Calculator", "BCole_Calculator\BCole_Calculator\BCole_Calculator.csproj", "{270A47AD-1315-44AD-B8F5-A7EC48CECE70}"
EndProject
Global
	GlobalSection(SolutionConfigurationPlatforms) = preSolution
		Ad-Hoc|Any CPU = Ad-Hoc|Any CPU
		Ad-Hoc|iPhone = Ad-Hoc|iPhone
		Ad-Hoc|iPhoneSimulator = Ad-Hoc|iPhoneSimulator
		AppStore|Any CPU = AppStore|Any CPU
		AppStore|iPhone = AppStore|iPhone
		AppStore|iPhoneSimulator = AppStore|iPhoneSimulator
		Debug|Any CPU = Debug|Any CPU
		Debug|iPhone = Debug|iPhone
		Debug|iPhoneSimulator = Debug|iPhoneSimulator
		Release|Any CPU = Release|Any CPU
		Release|iPhone = Release|iPhone
		Release|iPhoneSimulator = Release|iPhoneSimulator
	EndGlobalSection
	GlobalSection(ProjectConfigurationPlatforms) = postSolution
		{54031A3C-1E87-46CB-BF02-5BEADBBA6056}.Ad-Hoc|Any CPU.ActiveCfg = Release|Any CPU
		{54031A3C-1E87-46CB-BF02-5BEADBBA6056}.Ad-Hoc|Any CPU.Build.0 = Release|Any CPU
		{54031A3C-1E87-46CB-BF02-5BEADBBA6056}.Ad-Hoc|Any CPU.Deploy.0 = Release|Any CPU
		{54031A3C-1E87-46CB-BF02-5BEADBBA6056}.Ad-Hoc|iPhone.ActiveCfg = Release|Any CPU
		{54031A3C-1E87-46CB-BF02-5BEADBBA6056}.Ad-Hoc|iPhone.Build.0 = Release|Any CPU
		{54031A3C-1E87-46CB-BF02-5BEADBBA6056}.Ad-Hoc|iPhone.Deploy.0 = Release|Any CPU
		{54031A3C-1E87-46CB-BF02-5BEADBBA6056}.Ad-Hoc|iPhoneSimulator.ActiveCfg = Release|Any CPU
		{54031A3C-1E87-46CB-BF02-5BEADBBA6056}.Ad-Hoc|iPhoneSimulator.Build.0 = Release|Any CPU
		{54031A3C-1E87-46CB-BF02-5BEADBBA6056}.Ad-Hoc|iPhoneSimulator.Deploy.0 = Release|Any CPU
		{54031A3C-1E87-46CB-BF02-5BEADBBA6056}.AppStore|Any CPU.ActiveCfg = Release|Any CPU
		{54031A3C-1E87-46CB-BF02-5BEADBBA6056}.AppStore|Any CPU.Build.0 = Release|Any CPU
		{54031A3C-1E87-46CB-BF02-5BEADBBA6056}.AppStore|Any CPU.Deploy.0 = Release|Any CPU
		{54031A3C-1E87-46CB-BF02-5BEADBBA6056}.AppStore|iPhone.ActiveCfg = Release|Any CPU
		{54031A3C-1E87-46CB-BF02-5BEADBBA6056}.AppStore|iPhone.Build.0 = Release|Any CPU
		{54031A3C-1E87-46CB-BF02-5BEADBBA6056}.AppStore|iPhone.Deploy.0 = Release|Any CPU
		{54031A3C-1E87-46CB-BF02-5BEADBBA6056}.AppStore|iPhoneSimulator.ActiveCfg = Release|Any CPU
		{54031A3C-1E87-46CB-BF02-5BEADBBA6056}.AppStore|iPhoneSimulator.Build.0 = Release|Any CPU
		{54031A3C-1E87-46CB-BF02-5BEADBBA6056}.AppStore|iPhoneSimulator.Deploy.0 = Release|Any CPU
		{54031A3C-1E87-46CB-BF02-5BEADBBA6056}.Debug|Any CPU.ActiveCfg = Debug|Any CPU
		{54031A3C-1E87-46CB-BF02-5BEADBBA6056}.Debug|Any CPU.Build.0 = Debug|Any CPU
		{54031A3C-1E87-46CB-BF02-5BEADBBA6056}.Debug|Any CPU.Deploy.0 = Debug|Any CPU
		{54031A3C-1E87-46CB-BF02-5BEADBBA6056}.Debug|iPhone.ActiveCfg = Debug|Any CPU
		{54031A3C-1E87-46CB-BF02-5BEADBBA6056}.Debug|iPhone.Build.0 = Debug|Any CPU
		{54031A3C-1E87-46CB-BF02-5BEADBBA6056}.Debug|iPhone.Deploy.0 = Debug|Any CPU
		{54031A3C-1E87-46CB-BF02-5BEADBBA6056}.Debug|iPhoneSimulator.ActiveCfg = Debug|Any CPU
		{54031A3C-1E87-46CB-BF02-5BEADBBA6056}.Debug|iPhoneSimulator.Build.0 = Debug|Any CPU
		{54031A3C-1E87-46CB-BF02-5BEADBBA6056}.Debug|iPhoneSimulator.Deploy.0 = Debug|Any CPU
		{54031A3C-1E87-46CB-BF02-5BEADBBA6056}.Release|Any CPU.ActiveCfg = Release|Any CPU
		{54031A3C-1E87-46CB-BF02-5BEADBBA6056}.Release|Any CPU.Build.0 = Release|Any CPU
		{54031A3C-1E87-46CB-BF02-5BEADBBA6056}.Release|Any CPU.Deploy.0 = Release|Any CPU
		{54031A3C-1E87-46CB-BF02-5BEADBBA6056}.Release|iPhone.ActiveCfg = Release|Any CPU
		{54031A3C-1E87-46CB-BF02-5BEADBBA6056}.Release|iPhone.Build.0 = Release|Any CPU
		{54031A3C-1E87-46CB-BF02-5BEADBBA6056}.Release|iPhone.Deploy.0 = Release|Any CPU
		{54031A3C-1E87-46CB-BF02-5BEADBBA6056}.Release|iPhoneSimulator.ActiveCfg = Release|Any CPU
		{54031A3C-1E87-46CB-BF02-5BEADBBA6056}.Release|iPhoneSimulator.Build.0 = Release|Any CPU
		{54031A3C-1E87-46CB-BF02-5BEADBBA6056}.Release|iPhoneSimulator.Deploy.0 = Release|Any CPU
		{148D4C54-DF28-452D-AAF8-FD9D98A9C35A}.Ad-Hoc|Any CPU.ActiveCfg = Ad-Hoc|iPhone
		{148D4C54-DF28-452D-AAF8-FD9D98A9C35A}.Ad-Hoc|Any CPU.Build.0 = Ad-Hoc|iPhone
		{148D4C54-DF28-452D-AAF8-FD9D98A9C35A}.Ad-Hoc|Any CPU.Deploy.0 = Ad-Hoc|iPhone
		{148D4C54-DF28-452D-AAF8-FD9D98A9C35A}.Ad-Hoc|iPhone.ActiveCfg = Ad-Hoc|iPhone
		{148D4C54-DF28-452D-AAF8-FD9D98A9C35A}.Ad-Hoc|iPhone.Build.0 = Ad-Hoc|iPhone
		{148D4C54-DF28-452D-AAF8-FD9D98A9C35A}.Ad-Hoc|iPhone.Deploy.0 = Ad-Hoc|iPhone
		{148D4C54-DF28-452D-AAF8-FD9D98A9C35A}.Ad-Hoc|iPhoneSimulator.ActiveCfg = Ad-Hoc|iPhoneSimulator
		{148D4C54-DF28-452D-AAF8-FD9D98A9C35A}.Ad-Hoc|iPhoneSimulator.Build.0 = Ad-Hoc|iPhoneSimulator
		{148D4C54-DF28-452D-AAF8-FD9D98A9C35A}.Ad-Hoc|iPhoneSimulator.Deploy.0 = Ad-Hoc|iPhoneSimulator
		{148D4C54-DF28-452D-AAF8-FD9D98A9C35A}.AppStore|Any CPU.ActiveCfg = AppStore|iPhone
		{148D4C54-DF28-452D-AAF8-FD9D98A9C35A}.AppStore|Any CPU.Build.0 = AppStore|iPhone
		{148D4C54-DF28-452D-AAF8-FD9D98A9C35A}.AppStore|Any CPU.Deploy.0 = AppStore|iPhone
		{148D4C54-DF28-452D-AAF8-FD9D98A9C35A}.AppStore|iPhone.ActiveCfg = AppStore|iPhone
		{148D4C54-DF28-452D-AAF8-FD9D98A9C35A}.AppStore|iPhone.Build.0 = AppStore|iPhone
		{148D4C54-DF28-452D-AAF8-FD9D98A9C35A}.AppStore|iPhone.Deploy.0 = AppStore|iPhone
		{148D4C54-DF28-452D-AAF8-FD9D98A9C35A}.AppStore|iPhoneSimulator.ActiveCfg = AppStore|iPhoneSimulator
		{148D4C54-DF28-452D-AAF8-FD9D98A9C35A}.AppStore|iPhoneSimulator.Build.0 = AppStore|iPhoneSimulator
		{148D4C54-DF28-452D-AAF8-FD9D98A9C35A}.AppStore|iPhoneSimulator.Deploy.0 = AppStore|iPhoneSimulator
		{148D4C54-DF28-452D-AAF8-FD9D98A9C35A}.Debug|Any CPU.ActiveCfg = Debug|iPhoneSimulator
		{148D4C54-DF28-452D-AAF8-FD9D98A9C35A}.Debug|Any CPU.Deploy.0 = Debug|iPhoneSimulator
		{148D4C54-DF28-452D-AAF8-FD9D98A9C35A}.Debug|iPhone.ActiveCfg = Debug|iPhone
		{148D4C54-DF28-452D-AAF8-FD9D98A9C35A}.Debug|iPhone.Build.0 = Debug|iPhone
		{148D4C54-DF28-452D-AAF8-FD9D98A9C35A}.Debug|iPhone.Deploy.0 = Debug|iPhone
		{148D4C54-DF28-452D-AAF8-FD9D98A9C35A}.Debug|iPhoneSimulator.ActiveCfg = Debug|iPhoneSimulator
		{148D4C54-DF28-452D-AAF8-FD9D98A9C35A}.Debug|iPhoneSimulator.Build.0 = Debug|iPhoneSimulator
		{148D4C54-DF28-452D-AAF8-FD9D98A9C35A}.Debug|iPhoneSimulator.Deploy.0 = Debug|iPhoneSimulator
		{148D4C54-DF28-452D-AAF8-FD9D98A9C35A}.Release|Any CPU.ActiveCfg = Release|iPhone
		{148D4C54-DF28-452D-AAF8-FD9D98A9C35A}.Release|Any CPU.Build.0 = Release|iPhone
		{148D4C54-DF28-452D-AAF8-FD9D98A9C35A}.Release|Any CPU.Deploy.0 = Release|iPhone
		{148D4C54-DF28-452D-AAF8-FD9D98A9C35A}.Release|iPhone.ActiveCfg = Release|iPhone
		{148D4C54-DF28-452D-AAF8-FD9D98A9C35A}.Release|iPhone.Build.0 = Release|iPhone
		{148D4C54-DF28-452D-AAF8-FD9D98A9C35A}.Release|iPhone.Deploy.0 = Release|iPhone
		{148D4C54-DF28-452D-AAF8-FD9D98A9C35A}.Release|iPhoneSimulator.ActiveCfg = Release|iPhoneSimulator
		{148D4C54-DF28-452D-AAF8-FD9D98A9C35A}.Release|iPhoneSimulator.Build.0 = Release|iPhoneSimulator
		{148D4C54-DF28-452D-AAF8-FD9D98A9C35A}.Release|iPhoneSimulator.Deploy.0 = Release|iPhoneSimulator
		{270A47AD-1315-44AD-B8F5-A7EC48CECE70}.Ad-Hoc|Any CPU.ActiveCfg = Debug|Any CPU
		{270A47AD-1315-44AD-B8F5-A7EC48CECE70}.Ad-Hoc|Any CPU.Build.0 = Debug|Any CPU
		{270A47AD-1315-44AD-B8F5-A7EC48CECE70}.Ad-Hoc|Any CPU.Deploy.0 = Debug|Any CPU
		{270A47AD-1315-44AD-B8F5-A7EC48CECE70}.Ad-Hoc|iPhone.ActiveCfg = Debug|Any CPU
		{270A47AD-1315-44AD-B8F5-A7EC48CECE70}.Ad-Hoc|iPhone.Build.0 = Debug|Any CPU
		{270A47AD-1315-44AD-B8F5-A7EC48CECE70}.Ad-Hoc|iPhone.Deploy.0 = Debug|Any CPU
		{270A47AD-1315-44AD-B8F5-A7EC48CECE70}.Ad-Hoc|iPhoneSimulator.ActiveCfg = Debug|Any CPU
		{270A47AD-1315-44AD-B8F5-A7EC48CECE70}.Ad-Hoc|iPhoneSimulator.Build.0 = Debug|Any CPU
		{270A47AD-1315-44AD-B8F5-A7EC48CECE70}.Ad-Hoc|iPhoneSimulator.Deploy.0 = Debug|Any CPU
		{270A47AD-1315-44AD-B8F5-A7EC48CECE70}.AppStore|Any CPU.ActiveCfg = Debug|Any CPU
		{270A47AD-1315-44AD-B8F5-A7EC48CECE70}.AppStore|Any CPU.Build.0 = Debug|Any CPU
		{270A47AD-1315-44AD-B8F5-A7EC48CECE70}.AppStore|Any CPU.Deploy.0 = Debug|Any CPU
		{270A47AD-1315-44AD-B8F5-A7EC48CECE70}.AppStore|iPhone.ActiveCfg = Debug|Any CPU
		{270A47AD-1315-44AD-B8F5-A7EC48CECE70}.AppStore|iPhone.Build.0 = Debug|Any CPU
		{270A47AD-1315-44AD-B8F5-A7EC48CECE70}.AppStore|iPhone.Deploy.0 = Debug|Any CPU
		{270A47AD-1315-44AD-B8F5-A7EC48CECE70}.AppStore|iPhoneSimulator.ActiveCfg = Debug|Any CPU
		{270A47AD-1315-44AD-B8F5-A7EC48CECE70}.AppStore|iPhoneSimulator.Build.0 = Debug|Any CPU
		{270A47AD-1315-44AD-B8F5-A7EC48CECE70}.AppStore|iPhoneSimulator.Deploy.0 = Debug|Any CPU
		{270A47AD-1315-44AD-B8F5-A7EC48CECE70}.Debug|Any CPU.ActiveCfg = Debug|Any CPU
		{270A47AD-1315-44AD-B8F5-A7EC48CECE70}.Debug|Any CPU.Build.0 = Debug|Any CPU
		{270A47AD-1315-44AD-B8F5-A7EC48CECE70}.Debug|Any CPU.Deploy.0 = Debug|Any CPU
		{270A47AD-1315-44AD-B8F5-A7EC48CECE70}.Debug|iPhone.ActiveCfg = Debug|Any CPU
		{270A47AD-1315-44AD-B8F5-A7EC48CECE70}.Debug|iPhone.Build.0 = Debug|Any CPU
		{270A47AD-1315-44AD-B8F5-A7EC48CECE70}.Debug|iPhone.Deploy.0 = Debug|Any CPU
		{270A47AD-1315-44AD-B8F5-A7EC48CECE70}.Debug|iPhoneSimulator.ActiveCfg = Debug|Any CPU
		{270A47AD-1315-44AD-B8F5-A7EC48CECE70}.Debug|iPhoneSimulator.Build.0 = Debug|Any CPU
		{270A47AD-1315-44AD-B8F5-A7EC48CECE70}.Debug|iPhoneSimulator.Deploy.0 = Debug|Any CPU
		{270A47AD-1315-44AD-B8F5-A7EC48CECE70}.Release|Any CPU.ActiveCfg = Release|Any CPU
		{270A47AD-1315-44AD-B8F5-A7EC48CECE70}.Release|Any CPU.Build.0 = Release|Any CPU
		{270A47AD-1315-44AD-B8F5-A7EC48CECE70}.Release|Any CPU.Deploy.0 = Release|Any CPU
		{270A47AD-1315-44AD-B8F5-A7EC48CECE70}.Release|iPhone.ActiveCfg = Release|Any CPU
		{270A47AD-1315-44AD-B8F5-A7EC48CECE70}.Release|iPhone.Build.0 = Release|Any CPU
		{270A47AD-1315-44AD-B8F5-A7EC48CECE70}.Release|iPhone.Deploy.0 = Release|Any CPU
		{270A47AD-1315-44AD-B8F5-A7EC48CECE70}.Release|iPhoneSimulator.ActiveCfg = Release|Any CPU
		{270A47AD-1315-44AD-B8F5-A7EC48CECE70}.Release|iPhoneSimulator.Build.0 = Release|Any CPU
		{270A47AD-1315-44AD-B8F5-A7EC48CECE70}.Release|iPhoneSimulator.Deploy.0 = Release|Any CPU
	EndGlobalSection
	GlobalSection(SolutionProperties) = preSolution
		HideSolutionNode = FALSE
	EndGlobalSection
	GlobalSection(ExtensibilityGlobals) = postSolution
		SolutionGuid = {7410ACDA-CEA2-4475-9A6E-9271C9100474}
	EndGlobalSection
EndGlobal
