
Microsoft Visual Studio Solution File, Format Version 12.00
# Visual Studio 15
VisualStudioVersion = 15.0.28010.2016
MinimumVisualStudioVersion = 10.0.40219.1
Project("{FAE04EC0-301F-11D3-BF4B-00C04F79EFBC}") = "BCole_TabbedApp.Android", "BCole_TabbedApp\BCole_TabbedApp.Android\BCole_TabbedApp.Android.csproj", "{1801D063-2423-49BB-9FB4-044F1DBAFC78}"
EndProject
Project("{FAE04EC0-301F-11D3-BF4B-00C04F79EFBC}") = "BCole_TabbedApp.iOS", "BCole_TabbedApp\BCole_TabbedApp.iOS\BCole_TabbedApp.iOS.csproj", "{7E30D0EC-F017-4410-8551-2B7FFA87D6DD}"
EndProject
Project("{FAE04EC0-301F-11D3-BF4B-00C04F79EFBC}") = "BCole_TabbedApp", "BCole_TabbedApp\BCole_TabbedApp\BCole_TabbedApp.csproj", "{0583F333-B1EF-40CB-92DD-9BD194F483F9}"
EndProject
Global
	GlobalSection(SolutionConfigurationPlatforms) = preSolution
		Ad-Hoc|Any CPU = Ad-Hoc|Any CPU
		Ad-Hoc|iPhone = Ad-Hoc|iPhone
		Ad-Hoc|iPhoneSimulator = Ad-Hoc|iPhoneSimulator
		AppStore|Any CPU = AppStore|Any CPU
		AppStore|iPhone = AppStore|iPhone
		AppStore|iPhoneSimulator = AppStore|iPhoneSimulator
		Debug|Any CPU = Debug|Any CPU
		Debug|iPhone = Debug|iPhone
		Debug|iPhoneSimulator = Debug|iPhoneSimulator
		Release|Any CPU = Release|Any CPU
		Release|iPhone = Release|iPhone
		Release|iPhoneSimulator = Release|iPhoneSimulator
	EndGlobalSection
	GlobalSection(ProjectConfigurationPlatforms) = postSolution
		{1801D063-2423-49BB-9FB4-044F1DBAFC78}.Ad-Hoc|Any CPU.ActiveCfg = Release|Any CPU
		{1801D063-2423-49BB-9FB4-044F1DBAFC78}.Ad-Hoc|Any CPU.Build.0 = Release|Any CPU
		{1801D063-2423-49BB-9FB4-044F1DBAFC78}.Ad-Hoc|Any CPU.Deploy.0 = Release|Any CPU
		{1801D063-2423-49BB-9FB4-044F1DBAFC78}.Ad-Hoc|iPhone.ActiveCfg = Release|Any CPU
		{1801D063-2423-49BB-9FB4-044F1DBAFC78}.Ad-Hoc|iPhone.Build.0 = Release|Any CPU
		{1801D063-2423-49BB-9FB4-044F1DBAFC78}.Ad-Hoc|iPhone.Deploy.0 = Release|Any CPU
		{1801D063-2423-49BB-9FB4-044F1DBAFC78}.Ad-Hoc|iPhoneSimulator.ActiveCfg = Release|Any CPU
		{1801D063-2423-49BB-9FB4-044F1DBAFC78}.Ad-Hoc|iPhoneSimulator.Build.0 = Release|Any CPU
		{1801D063-2423-49BB-9FB4-044F1DBAFC78}.Ad-Hoc|iPhoneSimulator.Deploy.0 = Release|Any CPU
		{1801D063-2423-49BB-9FB4-044F1DBAFC78}.AppStore|Any CPU.ActiveCfg = Release|Any CPU
		{1801D063-2423-49BB-9FB4-044F1DBAFC78}.AppStore|Any CPU.Build.0 = Release|Any CPU
		{1801D063-2423-49BB-9FB4-044F1DBAFC78}.AppStore|Any CPU.Deploy.0 = Release|Any CPU
		{1801D063-2423-49BB-9FB4-044F1DBAFC78}.AppStore|iPhone.ActiveCfg = Release|Any CPU
		{1801D063-2423-49BB-9FB4-044F1DBAFC78}.AppStore|iPhone.Build.0 = Release|Any CPU
		{1801D063-2423-49BB-9FB4-044F1DBAFC78}.AppStore|iPhone.Deploy.0 = Release|Any CPU
		{1801D063-2423-49BB-9FB4-044F1DBAFC78}.AppStore|iPhoneSimulator.ActiveCfg = Release|Any CPU
		{1801D063-2423-49BB-9FB4-044F1DBAFC78}.AppStore|iPhoneSimulator.Build.0 = Release|Any CPU
		{1801D063-2423-49BB-9FB4-044F1DBAFC78}.AppStore|iPhoneSimulator.Deploy.0 = Release|Any CPU
		{1801D063-2423-49BB-9FB4-044F1DBAFC78}.Debug|Any CPU.ActiveCfg = Debug|Any CPU
		{1801D063-2423-49BB-9FB4-044F1DBAFC78}.Debug|Any CPU.Build.0 = Debug|Any CPU
		{1801D063-2423-49BB-9FB4-044F1DBAFC78}.Debug|Any CPU.Deploy.0 = Debug|Any CPU
		{1801D063-2423-49BB-9FB4-044F1DBAFC78}.Debug|iPhone.ActiveCfg = Debug|Any CPU
		{1801D063-2423-49BB-9FB4-044F1DBAFC78}.Debug|iPhone.Build.0 = Debug|Any CPU
		{1801D063-2423-49BB-9FB4-044F1DBAFC78}.Debug|iPhone.Deploy.0 = Debug|Any CPU
		{1801D063-2423-49BB-9FB4-044F1DBAFC78}.Debug|iPhoneSimulator.ActiveCfg = Debug|Any CPU
		{1801D063-2423-49BB-9FB4-044F1DBAFC78}.Debug|iPhoneSimulator.Build.0 = Debug|Any CPU
		{1801D063-2423-49BB-9FB4-044F1DBAFC78}.Debug|iPhoneSimulator.Deploy.0 = Debug|Any CPU
		{1801D063-2423-49BB-9FB4-044F1DBAFC78}.Release|Any CPU.ActiveCfg = Release|Any CPU
		{1801D063-2423-49BB-9FB4-044F1DBAFC78}.Release|Any CPU.Build.0 = Release|Any CPU
		{1801D063-2423-49BB-9FB4-044F1DBAFC78}.Release|Any CPU.Deploy.0 = Release|Any CPU
		{1801D063-2423-49BB-9FB4-044F1DBAFC78}.Release|iPhone.ActiveCfg = Release|Any CPU
		{1801D063-2423-49BB-9FB4-044F1DBAFC78}.Release|iPhone.Build.0 = Release|Any CPU
		{1801D063-2423-49BB-9FB4-044F1DBAFC78}.Release|iPhone.Deploy.0 = Release|Any CPU
		{1801D063-2423-49BB-9FB4-044F1DBAFC78}.Release|iPhoneSimulator.ActiveCfg = Release|Any CPU
		{1801D063-2423-49BB-9FB4-044F1DBAFC78}.Release|iPhoneSimulator.Build.0 = Release|Any CPU
		{1801D063-2423-49BB-9FB4-044F1DBAFC78}.Release|iPhoneSimulator.Deploy.0 = Release|Any CPU
		{7E30D0EC-F017-4410-8551-2B7FFA87D6DD}.Ad-Hoc|Any CPU.ActiveCfg = Ad-Hoc|iPhone
		{7E30D0EC-F017-4410-8551-2B7FFA87D6DD}.Ad-Hoc|Any CPU.Build.0 = Ad-Hoc|iPhone
		{7E30D0EC-F017-4410-8551-2B7FFA87D6DD}.Ad-Hoc|Any CPU.Deploy.0 = Ad-Hoc|iPhone
		{7E30D0EC-F017-4410-8551-2B7FFA87D6DD}.Ad-Hoc|iPhone.ActiveCfg = Ad-Hoc|iPhone
		{7E30D0EC-F017-4410-8551-2B7FFA87D6DD}.Ad-Hoc|iPhone.Build.0 = Ad-Hoc|iPhone
		{7E30D0EC-F017-4410-8551-2B7FFA87D6DD}.Ad-Hoc|iPhone.Deploy.0 = Ad-Hoc|iPhone
		{7E30D0EC-F017-4410-8551-2B7FFA87D6DD}.Ad-Hoc|iPhoneSimulator.ActiveCfg = Ad-Hoc|iPhoneSimulator
		{7E30D0EC-F017-4410-8551-2B7FFA87D6DD}.Ad-Hoc|iPhoneSimulator.Build.0 = Ad-Hoc|iPhoneSimulator
		{7E30D0EC-F017-4410-8551-2B7FFA87D6DD}.Ad-Hoc|iPhoneSimulator.Deploy.0 = Ad-Hoc|iPhoneSimulator
		{7E30D0EC-F017-4410-8551-2B7FFA87D6DD}.AppStore|Any CPU.ActiveCfg = AppStore|iPhone
		{7E30D0EC-F017-4410-8551-2B7FFA87D6DD}.AppStore|Any CPU.Build.0 = AppStore|iPhone
		{7E30D0EC-F017-4410-8551-2B7FFA87D6DD}.AppStore|Any CPU.Deploy.0 = AppStore|iPhone
		{7E30D0EC-F017-4410-8551-2B7FFA87D6DD}.AppStore|iPhone.ActiveCfg = AppStore|iPhone
		{7E30D0EC-F017-4410-8551-2B7FFA87D6DD}.AppStore|iPhone.Build.0 = AppStore|iPhone
		{7E30D0EC-F017-4410-8551-2B7FFA87D6DD}.AppStore|iPhone.Deploy.0 = AppStore|iPhone
		{7E30D0EC-F017-4410-8551-2B7FFA87D6DD}.AppStore|iPhoneSimulator.ActiveCfg = AppStore|iPhoneSimulator
		{7E30D0EC-F017-4410-8551-2B7FFA87D6DD}.AppStore|iPhoneSimulator.Build.0 = AppStore|iPhoneSimulator
		{7E30D0EC-F017-4410-8551-2B7FFA87D6DD}.AppStore|iPhoneSimulator.Deploy.0 = AppStore|iPhoneSimulator
		{7E30D0EC-F017-4410-8551-2B7FFA87D6DD}.Debug|Any CPU.ActiveCfg = Debug|iPhoneSimulator
		{7E30D0EC-F017-4410-8551-2B7FFA87D6DD}.Debug|Any CPU.Deploy.0 = Debug|iPhoneSimulator
		{7E30D0EC-F017-4410-8551-2B7FFA87D6DD}.Debug|iPhone.ActiveCfg = Debug|iPhone
		{7E30D0EC-F017-4410-8551-2B7FFA87D6DD}.Debug|iPhone.Build.0 = Debug|iPhone
		{7E30D0EC-F017-4410-8551-2B7FFA87D6DD}.Debug|iPhone.Deploy.0 = Debug|iPhone
		{7E30D0EC-F017-4410-8551-2B7FFA87D6DD}.Debug|iPhoneSimulator.ActiveCfg = Debug|iPhoneSimulator
		{7E30D0EC-F017-4410-8551-2B7FFA87D6DD}.Debug|iPhoneSimulator.Build.0 = Debug|iPhoneSimulator
		{7E30D0EC-F017-4410-8551-2B7FFA87D6DD}.Debug|iPhoneSimulator.Deploy.0 = Debug|iPhoneSimulator
		{7E30D0EC-F017-4410-8551-2B7FFA87D6DD}.Release|Any CPU.ActiveCfg = Release|iPhone
		{7E30D0EC-F017-4410-8551-2B7FFA87D6DD}.Release|Any CPU.Build.0 = Release|iPhone
		{7E30D0EC-F017-4410-8551-2B7FFA87D6DD}.Release|Any CPU.Deploy.0 = Release|iPhone
		{7E30D0EC-F017-4410-8551-2B7FFA87D6DD}.Release|iPhone.ActiveCfg = Release|iPhone
		{7E30D0EC-F017-4410-8551-2B7FFA87D6DD}.Release|iPhone.Build.0 = Release|iPhone
		{7E30D0EC-F017-4410-8551-2B7FFA87D6DD}.Release|iPhone.Deploy.0 = Release|iPhone
		{7E30D0EC-F017-4410-8551-2B7FFA87D6DD}.Release|iPhoneSimulator.ActiveCfg = Release|iPhoneSimulator
		{7E30D0EC-F017-4410-8551-2B7FFA87D6DD}.Release|iPhoneSimulator.Build.0 = Release|iPhoneSimulator
		{7E30D0EC-F017-4410-8551-2B7FFA87D6DD}.Release|iPhoneSimulator.Deploy.0 = Release|iPhoneSimulator
		{0583F333-B1EF-40CB-92DD-9BD194F483F9}.Ad-Hoc|Any CPU.ActiveCfg = Debug|Any CPU
		{0583F333-B1EF-40CB-92DD-9BD194F483F9}.Ad-Hoc|Any CPU.Build.0 = Debug|Any CPU
		{0583F333-B1EF-40CB-92DD-9BD194F483F9}.Ad-Hoc|Any CPU.Deploy.0 = Debug|Any CPU
		{0583F333-B1EF-40CB-92DD-9BD194F483F9}.Ad-Hoc|iPhone.ActiveCfg = Debug|Any CPU
		{0583F333-B1EF-40CB-92DD-9BD194F483F9}.Ad-Hoc|iPhone.Build.0 = Debug|Any CPU
		{0583F333-B1EF-40CB-92DD-9BD194F483F9}.Ad-Hoc|iPhone.Deploy.0 = Debug|Any CPU
		{0583F333-B1EF-40CB-92DD-9BD194F483F9}.Ad-Hoc|iPhoneSimulator.ActiveCfg = Debug|Any CPU
		{0583F333-B1EF-40CB-92DD-9BD194F483F9}.Ad-Hoc|iPhoneSimulator.Build.0 = Debug|Any CPU
		{0583F333-B1EF-40CB-92DD-9BD194F483F9}.Ad-Hoc|iPhoneSimulator.Deploy.0 = Debug|Any CPU
		{0583F333-B1EF-40CB-92DD-9BD194F483F9}.AppStore|Any CPU.ActiveCfg = Debug|Any CPU
		{0583F333-B1EF-40CB-92DD-9BD194F483F9}.AppStore|Any CPU.Build.0 = Debug|Any CPU
		{0583F333-B1EF-40CB-92DD-9BD194F483F9}.AppStore|Any CPU.Deploy.0 = Debug|Any CPU
		{0583F333-B1EF-40CB-92DD-9BD194F483F9}.AppStore|iPhone.ActiveCfg = Debug|Any CPU
		{0583F333-B1EF-40CB-92DD-9BD194F483F9}.AppStore|iPhone.Build.0 = Debug|Any CPU
		{0583F333-B1EF-40CB-92DD-9BD194F483F9}.AppStore|iPhone.Deploy.0 = Debug|Any CPU
		{0583F333-B1EF-40CB-92DD-9BD194F483F9}.AppStore|iPhoneSimulator.ActiveCfg = Debug|Any CPU
		{0583F333-B1EF-40CB-92DD-9BD194F483F9}.AppStore|iPhoneSimulator.Build.0 = Debug|Any CPU
		{0583F333-B1EF-40CB-92DD-9BD194F483F9}.AppStore|iPhoneSimulator.Deploy.0 = Debug|Any CPU
		{0583F333-B1EF-40CB-92DD-9BD194F483F9}.Debug|Any CPU.ActiveCfg = Debug|Any CPU
		{0583F333-B1EF-40CB-92DD-9BD194F483F9}.Debug|Any CPU.Build.0 = Debug|Any CPU
		{0583F333-B1EF-40CB-92DD-9BD194F483F9}.Debug|Any CPU.Deploy.0 = Debug|Any CPU
		{0583F333-B1EF-40CB-92DD-9BD194F483F9}.Debug|iPhone.ActiveCfg = Debug|Any CPU
		{0583F333-B1EF-40CB-92DD-9BD194F483F9}.Debug|iPhone.Build.0 = Debug|Any CPU
		{0583F333-B1EF-40CB-92DD-9BD194F483F9}.Debug|iPhone.Deploy.0 = Debug|Any CPU
		{0583F333-B1EF-40CB-92DD-9BD194F483F9}.Debug|iPhoneSimulator.ActiveCfg = Debug|Any CPU
		{0583F333-B1EF-40CB-92DD-9BD194F483F9}.Debug|iPhoneSimulator.Build.0 = Debug|Any CPU
		{0583F333-B1EF-40CB-92DD-9BD194F483F9}.Debug|iPhoneSimulator.Deploy.0 = Debug|Any CPU
		{0583F333-B1EF-40CB-92DD-9BD194F483F9}.Release|Any CPU.ActiveCfg = Release|Any CPU
		{0583F333-B1EF-40CB-92DD-9BD194F483F9}.Release|Any CPU.Build.0 = Release|Any CPU
		{0583F333-B1EF-40CB-92DD-9BD194F483F9}.Release|Any CPU.Deploy.0 = Release|Any CPU
		{0583F333-B1EF-40CB-92DD-9BD194F483F9}.Release|iPhone.ActiveCfg = Release|Any CPU
		{0583F333-B1EF-40CB-92DD-9BD194F483F9}.Release|iPhone.Build.0 = Release|Any CPU
		{0583F333-B1EF-40CB-92DD-9BD194F483F9}.Release|iPhone.Deploy.0 = Release|Any CPU
		{0583F333-B1EF-40CB-92DD-9BD194F483F9}.Release|iPhoneSimulator.ActiveCfg = Release|Any CPU
		{0583F333-B1EF-40CB-92DD-9BD194F483F9}.Release|iPhoneSimulator.Build.0 = Release|Any CPU
		{0583F333-B1EF-40CB-92DD-9BD194F483F9}.Release|iPhoneSimulator.Deploy.0 = Release|Any CPU
	EndGlobalSection
	GlobalSection(SolutionProperties) = preSolution
		HideSolutionNode = FALSE
	EndGlobalSection
	GlobalSection(ExtensibilityGlobals) = postSolution
		SolutionGuid = {A2A9AAC3-CEC9-4D98-AB34-0BAB3EB8DE7F}
	EndGlobalSection
EndGlobal
